
Microsoft Visual Studio Solution File, Format Version 12.00
# Visual Studio 15
VisualStudioVersion = 15.0.27130.2010
MinimumVisualStudioVersion = 10.0.40219.1
Project("{FAE04EC0-301F-11D3-BF4B-00C04F79EFBC}") = "DeadAnts", "DeadAnts\DeadAnts.csproj", "{F827234E-7728-444B-AEA5-6BF264D19D88}"
EndProject
Global
	GlobalSection(SolutionConfigurationPlatforms) = preSolution
		Debug|Any CPU = Debug|Any CPU
		Release|Any CPU = Release|Any CPU
	EndGlobalSection
	GlobalSection(ProjectConfigurationPlatforms) = postSolution
		{F827234E-7728-444B-AEA5-6BF264D19D88}.Debug|Any CPU.ActiveCfg = Debug|Any CPU
		{F827234E-7728-444B-AEA5-6BF264D19D88}.Debug|Any CPU.Build.0 = Debug|Any CPU
		{F827234E-7728-444B-AEA5-6BF264D19D88}.Release|Any CPU.ActiveCfg = Release|Any CPU
		{F827234E-7728-444B-AEA5-6BF264D19D88}.Release|Any CPU.Build.0 = Release|Any CPU
	EndGlobalSection
	GlobalSection(SolutionProperties) = preSolution
		HideSolutionNode = FALSE
	EndGlobalSection
	GlobalSection(ExtensibilityGlobals) = postSolution
		SolutionGuid = {CC0481B4-1698-4DAC-8CC9-81C3E9A581D3}
	EndGlobalSection
EndGlobal
